
Microsoft Visual Studio Solution File, Format Version 12.00
# Visual Studio Version 17
VisualStudioVersion = 17.4.33213.308
MinimumVisualStudioVersion = 10.0.40219.1
Project("{FAE04EC0-301F-11D3-BF4B-00C04F79EFBC}") = "shop.web", "shop.web\shop.web.csproj", "{047E6333-CD9D-4065-8C30-E915AE7372DD}"
EndProject
Global
	GlobalSection(SolutionConfigurationPlatforms) = preSolution
		Debug|Any CPU = Debug|Any CPU
		Release|Any CPU = Release|Any CPU
	EndGlobalSection
	GlobalSection(ProjectConfigurationPlatforms) = postSolution
		{047E6333-CD9D-4065-8C30-E915AE7372DD}.Debug|Any CPU.ActiveCfg = Debug|Any CPU
		{047E6333-CD9D-4065-8C30-E915AE7372DD}.Debug|Any CPU.Build.0 = Debug|Any CPU
		{047E6333-CD9D-4065-8C30-E915AE7372DD}.Release|Any CPU.ActiveCfg = Release|Any CPU
		{047E6333-CD9D-4065-8C30-E915AE7372DD}.Release|Any CPU.Build.0 = Release|Any CPU
	EndGlobalSection
	GlobalSection(SolutionProperties) = preSolution
		HideSolutionNode = FALSE
	EndGlobalSection
	GlobalSection(ExtensibilityGlobals) = postSolution
		SolutionGuid = {7BCA19F3-3F96-41CE-B332-091AA9ACA060}
	EndGlobalSection
EndGlobal
